
Microsoft Visual Studio Solution File, Format Version 12.00
# Visual Studio Version 16
VisualStudioVersion = 16.0.29230.47
MinimumVisualStudioVersion = 10.0.40219.1
Project("{9A19103F-16F7-4668-BE54-9A1E7A4F7556}") = "DotNetCoreMediatrSample.Web", "DotNetCoreMediatrSample.Web\DotNetCoreMediatrSample.Web.csproj", "{A5E7F470-30AE-4350-B17C-D12B21D87EA1}"
EndProject
Project("{9A19103F-16F7-4668-BE54-9A1E7A4F7556}") = "DotNetCoreMediatrSample.Domain", "DotNetCoreMediatrSample.Domain\DotNetCoreMediatrSample.Domain.csproj", "{EF443283-7E2C-4EA0-B13A-16DBC890DE5E}"
EndProject
Project("{9A19103F-16F7-4668-BE54-9A1E7A4F7556}") = "DotNetCoreMediatrSample.Infrastructure.InMemory", "DotNetCoreMediatrSample.Infrastructure.InMemory\DotNetCoreMediatrSample.Infrastructure.InMemory.csproj", "{481F54AC-A80A-4B7C-B120-115A94F54540}"
EndProject
Project("{9A19103F-16F7-4668-BE54-9A1E7A4F7556}") = "DotNetCoreMediatrSample.Infrastructure.InMemory.Test", "DotNetCoreMediatrSample.Infrastructure.InMemory.Test\DotNetCoreMediatrSample.Infrastructure.InMemory.Test.csproj", "{A10737FA-E9E4-474C-9AFB-14289A06FEE8}"
EndProject
Project("{FAE04EC0-301F-11D3-BF4B-00C04F79EFBC}") = "DotNetCoreMediatrSample.Web.Test", "DotNetCoreMediatrSample.Web.Test\DotNetCoreMediatrSample.Web.Test.csproj", "{3E2E4335-2C61-49AF-965B-67FDDAA8EC5A}"
EndProject
Global
	GlobalSection(SolutionConfigurationPlatforms) = preSolution
		Debug|Any CPU = Debug|Any CPU
		Release|Any CPU = Release|Any CPU
	EndGlobalSection
	GlobalSection(ProjectConfigurationPlatforms) = postSolution
		{A5E7F470-30AE-4350-B17C-D12B21D87EA1}.Debug|Any CPU.ActiveCfg = Debug|Any CPU
		{A5E7F470-30AE-4350-B17C-D12B21D87EA1}.Debug|Any CPU.Build.0 = Debug|Any CPU
		{A5E7F470-30AE-4350-B17C-D12B21D87EA1}.Release|Any CPU.ActiveCfg = Release|Any CPU
		{A5E7F470-30AE-4350-B17C-D12B21D87EA1}.Release|Any CPU.Build.0 = Release|Any CPU
		{EF443283-7E2C-4EA0-B13A-16DBC890DE5E}.Debug|Any CPU.ActiveCfg = Debug|Any CPU
		{EF443283-7E2C-4EA0-B13A-16DBC890DE5E}.Debug|Any CPU.Build.0 = Debug|Any CPU
		{EF443283-7E2C-4EA0-B13A-16DBC890DE5E}.Release|Any CPU.ActiveCfg = Release|Any CPU
		{EF443283-7E2C-4EA0-B13A-16DBC890DE5E}.Release|Any CPU.Build.0 = Release|Any CPU
		{481F54AC-A80A-4B7C-B120-115A94F54540}.Debug|Any CPU.ActiveCfg = Debug|Any CPU
		{481F54AC-A80A-4B7C-B120-115A94F54540}.Debug|Any CPU.Build.0 = Debug|Any CPU
		{481F54AC-A80A-4B7C-B120-115A94F54540}.Release|Any CPU.ActiveCfg = Release|Any CPU
		{481F54AC-A80A-4B7C-B120-115A94F54540}.Release|Any CPU.Build.0 = Release|Any CPU
		{A10737FA-E9E4-474C-9AFB-14289A06FEE8}.Debug|Any CPU.ActiveCfg = Debug|Any CPU
		{A10737FA-E9E4-474C-9AFB-14289A06FEE8}.Debug|Any CPU.Build.0 = Debug|Any CPU
		{A10737FA-E9E4-474C-9AFB-14289A06FEE8}.Release|Any CPU.ActiveCfg = Release|Any CPU
		{A10737FA-E9E4-474C-9AFB-14289A06FEE8}.Release|Any CPU.Build.0 = Release|Any CPU
		{3E2E4335-2C61-49AF-965B-67FDDAA8EC5A}.Debug|Any CPU.ActiveCfg = Debug|Any CPU
		{3E2E4335-2C61-49AF-965B-67FDDAA8EC5A}.Debug|Any CPU.Build.0 = Debug|Any CPU
		{3E2E4335-2C61-49AF-965B-67FDDAA8EC5A}.Release|Any CPU.ActiveCfg = Release|Any CPU
		{3E2E4335-2C61-49AF-965B-67FDDAA8EC5A}.Release|Any CPU.Build.0 = Release|Any CPU
	EndGlobalSection
	GlobalSection(SolutionProperties) = preSolution
		HideSolutionNode = FALSE
	EndGlobalSection
	GlobalSection(ExtensibilityGlobals) = postSolution
		SolutionGuid = {F222ED99-D256-4973-B488-58AFECCF8D06}
	EndGlobalSection
EndGlobal
